lockVersion: 2.0.0
id: 3738905e-dfcc-4203-a9b2-9d604be1fe61
management:
  docChecksum: f22d50ed7aa4956c14ae35514eb114c1
  docVersion: 1.0.0
  speakeasyVersion: internal
  generationVersion: 2.275.4
  releaseVersion: 0.6.0
  configChecksum: 2bab6820d4c2490f2d66822d4bb93ae4
  repoURL: https://github.com/speakeasy-sdks/test-ryan-3.git
  repoSubDirectory: .
  installationURL: https://github.com/speakeasy-sdks/test-ryan-3
  published: true
features:
  go:
    callbacks: 1.0.0
    core: 3.4.3
    errors: 2.81.8
    examples: 2.81.3
    globalSecurity: 2.82.8
    globalServerURLs: 2.82.1
    inputOutputModels: 2.83.0
    methodSecurity: 2.82.2
    methodServerURLs: 2.82.1
    retries: 2.82.2
    serverIDs: 2.81.1
    webhooks: 1.0.0
  python:
    core: 2.85.3
    errors: 2.81.3
    examples: 2.81.1
    flattening: 2.81.1
    globalSecurity: 2.81.1
    globalServerURLs: 2.82.0
    inputOutputModels: 2.81.1
    serverIDs: 2.81.1
  typescript:
    core: 2.94.0
    errors: 2.81.7
    examples: 2.81.3
    globalSecurity: 2.82.0
    globalServerURLs: 2.82.0
    inputOutputModels: 2.81.1
    serverIDs: 2.81.2
generatedFiles:
  - authentication.go
  - drinks.go
  - ingredients.go
  - orders.go
  - config.go
  - thespeakeasybar.go
  - go.mod
  - models/sdkerrors/sdkerror.go
  - types/bigint.go
  - types/date.go
  - types/datetime.go
  - types/decimal.go
  - types/pointers.go
  - internal/utils/contenttype.go
  - internal/utils/form.go
  - internal/utils/headers.go
  - internal/utils/json.go
  - internal/utils/pathparams.go
  - internal/utils/queryparams.go
  - internal/utils/requestbody.go
  - internal/utils/retries.go
  - internal/utils/security.go
  - internal/utils/utils.go
  - /models/operations/login.go
  - /models/operations/getdrink.go
  - /models/operations/listdrinks.go
  - /models/operations/listingredients.go
  - /models/operations/createorder.go
  - /models/operations/subscribetowebhooks.go
  - /models/components/error.go
  - /models/components/drink.go
  - /models/components/drinktype.go
  - /models/components/ingredient.go
  - /models/components/ingredienttype.go
  - /models/components/order.go
  - /models/components/ordertype.go
  - /models/components/orderinput.go
  - /models/components/security.go
  - /models/components/ingredientinput.go
  - /models/components/drinkinput.go
  - /models/sdkerrors/apierror.go
  - /models/sdkerrors/badrequest.go
  - /models/callbacks/createorder.go
  - /models/webhooks/stockupdate.go
  - docs/models/operations/loginsecurity.md
  - docs/models/operations/type.md
  - docs/models/operations/loginrequestbody.md
  - docs/models/operations/loginresponsebody.md
  - docs/models/operations/loginresponse.md
  - docs/models/operations/getdrinkrequest.md
  - docs/models/operations/getdrinkresponse.md
  - docs/models/operations/listdrinksrequest.md
  - docs/models/operations/listdrinksresponse.md
  - docs/models/operations/listingredientsrequest.md
  - docs/models/operations/listingredientsresponse.md
  - docs/models/operations/createorderrequest.md
  - docs/models/operations/createorderresponse.md
  - docs/models/operations/webhook.md
  - docs/models/operations/requestbody.md
  - docs/models/operations/subscribetowebhooksresponse.md
  - docs/models/components/error.md
  - docs/models/components/drink.md
  - docs/models/components/drinktype.md
  - docs/models/components/ingredient.md
  - docs/models/components/ingredienttype.md
  - docs/models/components/status.md
  - docs/models/components/order.md
  - docs/models/components/ordertype.md
  - docs/models/components/orderinput.md
  - docs/models/components/security.md
  - docs/models/components/ingredientinput.md
  - docs/models/components/drinkinput.md
  - docs/models/sdkerrors/apierror.md
  - docs/models/sdkerrors/badrequest.md
  - docs/models/callbacks/createorderorderupdateresponse.md
  - docs/models/callbacks/createorderorderupdaterequestbody.md
  - docs/models/webhooks/stockupdateresponse.md
  - docs/models/webhooks/stockupdaterequestbody.md
  - docs/sdks/thespeakeasybar/README.md
  - docs/sdks/authentication/README.md
  - docs/models/operations/option.md
  - docs/sdks/drinks/README.md
  - docs/sdks/ingredients/README.md
  - docs/sdks/orders/README.md
  - docs/sdks/config/README.md
  - USAGE.md
  - models/operations/options.go
  - .gitattributes
  - internal/hooks/hooks.go
